
Microsoft Visual Studio Solution File, Format Version 12.00
# Visual Studio 15
VisualStudioVersion = 15.0.27130.2003
MinimumVisualStudioVersion = 10.0.40219.1
Project("{FAE04EC0-301F-11D3-BF4B-00C04F79EFBC}") = "01. Shooting Range", "01. Shooting Range\01. Shooting Range.csproj", "{261723FF-05B4-464D-B966-15B8831315C3}"
EndProject
Project("{FAE04EC0-301F-11D3-BF4B-00C04F79EFBC}") = "02. Travelling Policeman", "02. Travelling Policeman\02. Travelling Policeman.csproj", "{654B17C9-8D85-4736-ACFD-4DB585CD2453}"
EndProject
Project("{FAE04EC0-301F-11D3-BF4B-00C04F79EFBC}") = "03. Tour de Sofia", "03. Tour de Sofia\03. Tour de Sofia.csproj", "{76092035-B5C3-46C5-8C19-969430FE19AA}"
EndProject
Project("{FAE04EC0-301F-11D3-BF4B-00C04F79EFBC}") = "04. Chain Lightning", "04. Chain Lightning\04. Chain Lightning.csproj", "{E1C4CC88-5A7C-468A-BE2C-B47AED60576F}"
EndProject
Global
	GlobalSection(SolutionConfigurationPlatforms) = preSolution
		Debug|Any CPU = Debug|Any CPU
		Release|Any CPU = Release|Any CPU
	EndGlobalSection
	GlobalSection(ProjectConfigurationPlatforms) = postSolution
		{261723FF-05B4-464D-B966-15B8831315C3}.Debug|Any CPU.ActiveCfg = Debug|Any CPU
		{261723FF-05B4-464D-B966-15B8831315C3}.Debug|Any CPU.Build.0 = Debug|Any CPU
		{261723FF-05B4-464D-B966-15B8831315C3}.Release|Any CPU.ActiveCfg = Release|Any CPU
		{261723FF-05B4-464D-B966-15B8831315C3}.Release|Any CPU.Build.0 = Release|Any CPU
		{654B17C9-8D85-4736-ACFD-4DB585CD2453}.Debug|Any CPU.ActiveCfg = Debug|Any CPU
		{654B17C9-8D85-4736-ACFD-4DB585CD2453}.Debug|Any CPU.Build.0 = Debug|Any CPU
		{654B17C9-8D85-4736-ACFD-4DB585CD2453}.Release|Any CPU.ActiveCfg = Release|Any CPU
		{654B17C9-8D85-4736-ACFD-4DB585CD2453}.Release|Any CPU.Build.0 = Release|Any CPU
		{76092035-B5C3-46C5-8C19-969430FE19AA}.Debug|Any CPU.ActiveCfg = Debug|Any CPU
		{76092035-B5C3-46C5-8C19-969430FE19AA}.Debug|Any CPU.Build.0 = Debug|Any CPU
		{76092035-B5C3-46C5-8C19-969430FE19AA}.Release|Any CPU.ActiveCfg = Release|Any CPU
		{76092035-B5C3-46C5-8C19-969430FE19AA}.Release|Any CPU.Build.0 = Release|Any CPU
		{E1C4CC88-5A7C-468A-BE2C-B47AED60576F}.Debug|Any CPU.ActiveCfg = Debug|Any CPU
		{E1C4CC88-5A7C-468A-BE2C-B47AED60576F}.Debug|Any CPU.Build.0 = Debug|Any CPU
		{E1C4CC88-5A7C-468A-BE2C-B47AED60576F}.Release|Any CPU.ActiveCfg = Release|Any CPU
		{E1C4CC88-5A7C-468A-BE2C-B47AED60576F}.Release|Any CPU.Build.0 = Release|Any CPU
	EndGlobalSection
	GlobalSection(SolutionProperties) = preSolution
		HideSolutionNode = FALSE
	EndGlobalSection
	GlobalSection(ExtensibilityGlobals) = postSolution
		SolutionGuid = {0E477CFA-BDA0-49BE-8D3D-F04FB4018AF4}
	EndGlobalSection
EndGlobal
