
Microsoft Visual Studio Solution File, Format Version 12.00
# Visual Studio 15
VisualStudioVersion = 15.0.27130.2003
MinimumVisualStudioVersion = 10.0.40219.1
Project("{FAE04EC0-301F-11D3-BF4B-00C04F79EFBC}") = "01. Recursive Array Sum", "01. Recursive Array Sum\01. Recursive Array Sum.csproj", "{13AB5DCC-A293-4203-88A0-AF68DE2757A1}"
EndProject
Project("{FAE04EC0-301F-11D3-BF4B-00C04F79EFBC}") = "02. Recursive Factorial", "02. Recursive Factorial\02. Recursive Factorial.csproj", "{5CFC028E-6C5F-4B74-98CB-3EA8577822BA}"
EndProject
Project("{FAE04EC0-301F-11D3-BF4B-00C04F79EFBC}") = "03. Recursive Drawing", "03. Recursive Drawing\03. Recursive Drawing.csproj", "{327DDA81-60C0-4674-8B22-A4DAC7E0D432}"
EndProject
Project("{FAE04EC0-301F-11D3-BF4B-00C04F79EFBC}") = "04. Generating 0 1 Vectors", "04. Generating 0 1 Vectors\04. Generating 0 1 Vectors.csproj", "{1829B817-BDC3-403C-9776-4DE2F74B86A8}"
EndProject
Project("{FAE04EC0-301F-11D3-BF4B-00C04F79EFBC}") = "05. Generating Combinations", "05. Generating Combinations\05. Generating Combinations.csproj", "{2681BEE1-74E7-4267-BE08-A8B9ADC31125}"
EndProject
Project("{FAE04EC0-301F-11D3-BF4B-00C04F79EFBC}") = "06. Eight Queens Puzzle", "06. Eight Queens Puzzle\06. Eight Queens Puzzle.csproj", "{6DDD478D-E5B3-4B4C-8070-12043354A411}"
EndProject
Project("{FAE04EC0-301F-11D3-BF4B-00C04F79EFBC}") = "07. Paths in Labyrinth", "07. Paths in Labyrinth\07. Paths in Labyrinth.csproj", "{86A7979A-5AD1-4EA4-93E0-C7AB9F350AA9}"
EndProject
Global
	GlobalSection(SolutionConfigurationPlatforms) = preSolution
		Debug|Any CPU = Debug|Any CPU
		Release|Any CPU = Release|Any CPU
	EndGlobalSection
	GlobalSection(ProjectConfigurationPlatforms) = postSolution
		{13AB5DCC-A293-4203-88A0-AF68DE2757A1}.Debug|Any CPU.ActiveCfg = Debug|Any CPU
		{13AB5DCC-A293-4203-88A0-AF68DE2757A1}.Debug|Any CPU.Build.0 = Debug|Any CPU
		{13AB5DCC-A293-4203-88A0-AF68DE2757A1}.Release|Any CPU.ActiveCfg = Release|Any CPU
		{13AB5DCC-A293-4203-88A0-AF68DE2757A1}.Release|Any CPU.Build.0 = Release|Any CPU
		{5CFC028E-6C5F-4B74-98CB-3EA8577822BA}.Debug|Any CPU.ActiveCfg = Debug|Any CPU
		{5CFC028E-6C5F-4B74-98CB-3EA8577822BA}.Debug|Any CPU.Build.0 = Debug|Any CPU
		{5CFC028E-6C5F-4B74-98CB-3EA8577822BA}.Release|Any CPU.ActiveCfg = Release|Any CPU
		{5CFC028E-6C5F-4B74-98CB-3EA8577822BA}.Release|Any CPU.Build.0 = Release|Any CPU
		{327DDA81-60C0-4674-8B22-A4DAC7E0D432}.Debug|Any CPU.ActiveCfg = Debug|Any CPU
		{327DDA81-60C0-4674-8B22-A4DAC7E0D432}.Debug|Any CPU.Build.0 = Debug|Any CPU
		{327DDA81-60C0-4674-8B22-A4DAC7E0D432}.Release|Any CPU.ActiveCfg = Release|Any CPU
		{327DDA81-60C0-4674-8B22-A4DAC7E0D432}.Release|Any CPU.Build.0 = Release|Any CPU
		{1829B817-BDC3-403C-9776-4DE2F74B86A8}.Debug|Any CPU.ActiveCfg = Debug|Any CPU
		{1829B817-BDC3-403C-9776-4DE2F74B86A8}.Debug|Any CPU.Build.0 = Debug|Any CPU
		{1829B817-BDC3-403C-9776-4DE2F74B86A8}.Release|Any CPU.ActiveCfg = Release|Any CPU
		{1829B817-BDC3-403C-9776-4DE2F74B86A8}.Release|Any CPU.Build.0 = Release|Any CPU
		{2681BEE1-74E7-4267-BE08-A8B9ADC31125}.Debug|Any CPU.ActiveCfg = Debug|Any CPU
		{2681BEE1-74E7-4267-BE08-A8B9ADC31125}.Debug|Any CPU.Build.0 = Debug|Any CPU
		{2681BEE1-74E7-4267-BE08-A8B9ADC31125}.Release|Any CPU.ActiveCfg = Release|Any CPU
		{2681BEE1-74E7-4267-BE08-A8B9ADC31125}.Release|Any CPU.Build.0 = Release|Any CPU
		{6DDD478D-E5B3-4B4C-8070-12043354A411}.Debug|Any CPU.ActiveCfg = Debug|Any CPU
		{6DDD478D-E5B3-4B4C-8070-12043354A411}.Debug|Any CPU.Build.0 = Debug|Any CPU
		{6DDD478D-E5B3-4B4C-8070-12043354A411}.Release|Any CPU.ActiveCfg = Release|Any CPU
		{6DDD478D-E5B3-4B4C-8070-12043354A411}.Release|Any CPU.Build.0 = Release|Any CPU
		{86A7979A-5AD1-4EA4-93E0-C7AB9F350AA9}.Debug|Any CPU.ActiveCfg = Debug|Any CPU
		{86A7979A-5AD1-4EA4-93E0-C7AB9F350AA9}.Debug|Any CPU.Build.0 = Debug|Any CPU
		{86A7979A-5AD1-4EA4-93E0-C7AB9F350AA9}.Release|Any CPU.ActiveCfg = Release|Any CPU
		{86A7979A-5AD1-4EA4-93E0-C7AB9F350AA9}.Release|Any CPU.Build.0 = Release|Any CPU
	EndGlobalSection
	GlobalSection(SolutionProperties) = preSolution
		HideSolutionNode = FALSE
	EndGlobalSection
	GlobalSection(ExtensibilityGlobals) = postSolution
		SolutionGuid = {9BEC770B-286F-426D-9FBB-2584EE8BCC04}
	EndGlobalSection
EndGlobal
