
Microsoft Visual Studio Solution File, Format Version 12.00
# Visual Studio 15
VisualStudioVersion = 15.0.27130.2003
MinimumVisualStudioVersion = 10.0.40219.1
Project("{FAE04EC0-301F-11D3-BF4B-00C04F79EFBC}") = "01. Stars in the Cube", "01. Stars in the Cube\01. Stars in the Cube.csproj", "{D6FB4AE1-5F9E-4C7E-B2A6-300A23147284}"
EndProject
Project("{FAE04EC0-301F-11D3-BF4B-00C04F79EFBC}") = "02. Guitar", "02. Guitar\02. Guitar.csproj", "{5B1607E8-BEBB-4E28-8FFC-7DB4BC1BE1CB}"
EndProject
Project("{FAE04EC0-301F-11D3-BF4B-00C04F79EFBC}") = "03. Shortest Path", "03. Shortest Path\03. Shortest Path.csproj", "{D710DF37-48B5-4878-9450-9832AB303181}"
EndProject
Global
	GlobalSection(SolutionConfigurationPlatforms) = preSolution
		Debug|Any CPU = Debug|Any CPU
		Release|Any CPU = Release|Any CPU
	EndGlobalSection
	GlobalSection(ProjectConfigurationPlatforms) = postSolution
		{D6FB4AE1-5F9E-4C7E-B2A6-300A23147284}.Debug|Any CPU.ActiveCfg = Debug|Any CPU
		{D6FB4AE1-5F9E-4C7E-B2A6-300A23147284}.Debug|Any CPU.Build.0 = Debug|Any CPU
		{D6FB4AE1-5F9E-4C7E-B2A6-300A23147284}.Release|Any CPU.ActiveCfg = Release|Any CPU
		{D6FB4AE1-5F9E-4C7E-B2A6-300A23147284}.Release|Any CPU.Build.0 = Release|Any CPU
		{5B1607E8-BEBB-4E28-8FFC-7DB4BC1BE1CB}.Debug|Any CPU.ActiveCfg = Debug|Any CPU
		{5B1607E8-BEBB-4E28-8FFC-7DB4BC1BE1CB}.Debug|Any CPU.Build.0 = Debug|Any CPU
		{5B1607E8-BEBB-4E28-8FFC-7DB4BC1BE1CB}.Release|Any CPU.ActiveCfg = Release|Any CPU
		{5B1607E8-BEBB-4E28-8FFC-7DB4BC1BE1CB}.Release|Any CPU.Build.0 = Release|Any CPU
		{D710DF37-48B5-4878-9450-9832AB303181}.Debug|Any CPU.ActiveCfg = Debug|Any CPU
		{D710DF37-48B5-4878-9450-9832AB303181}.Debug|Any CPU.Build.0 = Debug|Any CPU
		{D710DF37-48B5-4878-9450-9832AB303181}.Release|Any CPU.ActiveCfg = Release|Any CPU
		{D710DF37-48B5-4878-9450-9832AB303181}.Release|Any CPU.Build.0 = Release|Any CPU
	EndGlobalSection
	GlobalSection(SolutionProperties) = preSolution
		HideSolutionNode = FALSE
	EndGlobalSection
	GlobalSection(ExtensibilityGlobals) = postSolution
		SolutionGuid = {B19FABC4-4263-484A-B6AD-3D8C5E4C535C}
	EndGlobalSection
EndGlobal
